{
  "version": 4,
  "terraform_version": "1.3.4",
  "serial": 21,
  "lineage": "d3f8136f-052e-ffb6-e7d3-56b151cd5136",
  "outputs": {},
  "resources": [
    {
      "mode": "data",
      "type": "local_file",
      "name": "pushon",
      "provider": "provider[\"registry.terraform.io/hashicorp/local\"]",
      "instances": [
        {
          "schema_version": 0,
          "attributes": {
            "content": "Consistency is the answer.\nPerseverance goes a long way.\nKeep going regardless of the odds or sacrifice that has to be made.\nYou're one step closer with every action taken.",
            "content_base64": "Q29uc2lzdGVuY3kgaXMgdGhlIGFuc3dlci4KUGVyc2V2ZXJhbmNlIGdvZXMgYSBsb25nIHdheS4KS2VlcCBnb2luZyByZWdhcmRsZXNzIG9mIHRoZSBvZGRzIG9yIHNhY3JpZmljZSB0aGF0IGhhcyB0byBiZSBtYWRlLgpZb3UncmUgb25lIHN0ZXAgY2xvc2VyIHdpdGggZXZlcnkgYWN0aW9uIHRha2VuLg==",
            "filename": "/Users/folaRin/Desktop/kodkloudterra/basics1/file1.txt",
            "id": "d6f185b141369f67f66d18ce2ae4b19e553c697a"
          },
          "sensitive_attributes": []
        }
      ]
    },
    {
      "mode": "managed",
      "type": "local_file",
      "name": "move",
      "provider": "provider[\"registry.terraform.io/hashicorp/local\"]",
      "instances": [
        {
          "schema_version": 0,
          "attributes": {
            "content": "Consistency is the answer.\nPerseverance goes a long way.\nKeep going regardless of the odds or sacrifice that has to be made.\nYou're one step closer with every action taken.",
            "content_base64": null,
            "directory_permission": "0777",
            "file_permission": "0777",
            "filename": "/Users/folaRin/Desktop/kodkloudterra/basics1/keepmoving.txt",
            "id": "d6f185b141369f67f66d18ce2ae4b19e553c697a",
            "sensitive_content": null,
            "source": null
          },
          "sensitive_attributes": [],
          "private": "bnVsbA==",
          "dependencies": [
            "data.local_file.pushon"
          ],
          "create_before_destroy": true
        }
      ]
    },
    {
      "mode": "managed",
      "type": "random_pet",
      "name": "pet_name",
      "provider": "provider[\"registry.terraform.io/hashicorp/random\"]",
      "instances": [
        {
          "schema_version": 0,
          "attributes": {
            "id": "little.skylark",
            "keepers": null,
            "length": 1,
            "prefix": "little",
            "separator": "."
          },
          "sensitive_attributes": []
        }
      ]
    }
  ],
  "check_results": null
}
