{
  "version": 4,
  "terraform_version": "1.3.4",
  "serial": 19,
  "lineage": "d3f8136f-052e-ffb6-e7d3-56b151cd5136",
  "outputs": {},
  "resources": [
    {
      "mode": "managed",
      "type": "random_pet",
      "name": "pet_name",
      "provider": "provider[\"registry.terraform.io/hashicorp/random\"]",
      "instances": [
        {
          "schema_version": 0,
          "attributes": {
            "id": "little.skylark",
            "keepers": null,
            "length": 1,
            "prefix": "little",
            "separator": "."
          },
          "sensitive_attributes": []
        }
      ]
    }
  ],
  "check_results": null
}
