{
  "version": 4,
  "terraform_version": "1.3.3",
  "serial": 10,
  "lineage": "d3f8136f-052e-ffb6-e7d3-56b151cd5136",
  "outputs": {},
  "resources": [
    {
      "mode": "managed",
      "type": "local_file",
      "name": "pet",
      "provider": "provider[\"registry.terraform.io/hashicorp/local\"]",
      "instances": [
        {
          "schema_version": 0,
          "attributes": {
            "content": "The name is huge",
            "content_base64": null,
            "directory_permission": "0777",
            "file_permission": "0777",
            "filename": "./file.txt",
            "id": "da0e77161b6cea35c4eaa7f30541210e4f316b69",
            "sensitive_content": null,
            "source": null
          },
          "sensitive_attributes": [],
          "private": "bnVsbA==",
          "dependencies": [
            "random_pet.pet_name"
          ]
        }
      ]
    },
    {
      "mode": "managed",
      "type": "random_pet",
      "name": "pet_name",
      "provider": "provider[\"registry.terraform.io/hashicorp/random\"]",
      "instances": [
        {
          "schema_version": 0,
          "attributes": {
            "id": "little.skylark",
            "keepers": null,
            "length": 1,
            "prefix": "little",
            "separator": "."
          },
          "sensitive_attributes": []
        }
      ]
    }
  ],
  "check_results": []
}
